{
  "name": "tech-brief-ai",
  "version": "0.1.0",
  "lockfileVersion": 3,
  "requires": true,
  "packages": {
    "": {
      "name": "tech-brief-ai",
      "version": "0.1.0",
      "hasInstallScript": false,
      "workspaces": [
        "apps/*",
        "packages/*"
      ],
      "devDependencies": {
        "@tech-brief-ai/eslint-config": "*",
        "@tech-brief-ai/typescript-config": "*",
        "prettier": "^3.3.3",
        "turbo": "^2.0.11",
        "typescript": "^5.5.4"
      },
      "engines": {
        "node": ">=20.11.0",
        "npm": ">=10.0.0"
      }
    }
  }
}
